// !$*UTF8*$!
{
	archiveVersion = 1;
	classes = {
	};
	objectVersion = 46;
	objects = {

/* Begin PBXBuildFile section */
		10D0DEA91DAF542600D847ED /* main.m in Sources */ = {isa = PBXBuildFile; fileRef = 10D0DEA81DAF542600D847ED /* main.m */; };
		10D0DEAC1DAF542600D847ED /* AppDelegate.m in Sources */ = {isa = PBXBuildFile; fileRef = 10D0DEAB1DAF542600D847ED /* AppDelegate.m */; };
		10D0DEAF1DAF542600D847ED /* ViewController.m in Sources */ = {isa = PBXBuildFile; fileRef = 10D0DEAE1DAF542600D847ED /* ViewController.m */; };
		10D0DEB21DAF542700D847ED /* Main.storyboard in Resources */ = {isa = PBXBuildFile; fileRef = 10D0DEB01DAF542700D847ED /* Main.storyboard */; };
		10D0DEB41DAF542700D847ED /* Assets.xcassets in Resources */ = {isa = PBXBuildFile; fileRef = 10D0DEB31DAF542700D847ED /* Assets.xcassets */; };
		10D0DEB71DAF542700D847ED /* LaunchScreen.storyboard in Resources */ = {isa = PBXBuildFile; fileRef = 10D0DEB51DAF542700D847ED /* LaunchScreen.storyboard */; };
		10D0DEBF1DAF55AE00D847ED /* JSPatchPlatform.framework in Frameworks */ = {isa = PBXBuildFile; fileRef = 10D0DEBE1DAF55AE00D847ED /* JSPatchPlatform.framework */; };
		10D0DEC11DAF55E500D847ED /* libz.tbd in Frameworks */ = {isa = PBXBuildFile; fileRef = 10D0DEC01DAF55E500D847ED /* libz.tbd */; };
		10D0DEC31DAF55FE00D847ED /* JavaScriptCore.framework in Frameworks */ = {isa = PBXBuildFile; fileRef = 10D0DEC21DAF55FE00D847ED /* JavaScriptCore.framework */; };
		10D0DEC51DAF585700D847ED /* main.js in Resources */ = {isa = PBXBuildFile; fileRef = 10D0DEC41DAF585700D847ED /* main.js */; };
/* End PBXBuildFile section */

/* Begin PBXFileReference section */
		10D0DEA41DAF542600D847ED /* JSPathUpdate.app */ = {isa = PBXFileReference; explicitFileType = wrapper.application; includeInIndex = 0; path = JSPathUpdate.app; sourceTree = BUILT_PRODUCTS_DIR; };
		10D0DEA81DAF542600D847ED /* main.m */ = {isa = PBXFileReference; lastKnownFileType = sourcecode.c.objc; path = main.m; sourceTree = "<group>"; };
		10D0DEAA1DAF542600D847ED /* AppDelegate.h */ = {isa = PBXFileReference; lastKnownFileType = sourcecode.c.h; path = AppDelegate.h; sourceTree = "<group>"; };
		10D0DEAB1DAF542600D847ED /* AppDelegate.m */ = {isa = PBXFileReference; lastKnownFileType = sourcecode.c.objc; path = AppDelegate.m; sourceTree = "<group>"; };
		10D0DEAD1DAF542600D847ED /* ViewController.h */ = {isa = PBXFileReference; lastKnownFileType = sourcecode.c.h; path = ViewController.h; sourceTree = "<group>"; };
		10D0DEAE1DAF542600D847ED /* ViewController.m */ = {isa = PBXFileReference; lastKnownFileType = sourcecode.c.objc; path = ViewController.m; sourceTree = "<group>"; };
		10D0DEB11DAF542700D847ED /* Base */ = {isa = PBXFileReference; lastKnownFileType = file.storyboard; name = Base; path = Base.lproj/Main.storyboard; sourceTree = "<group>"; };
		10D0DEB31DAF542700D847ED /* Assets.xcassets */ = {isa = PBXFileReference; lastKnownFileType = folder.assetcatalog; path = Assets.xcassets; sourceTree = "<group>"; };
		10D0DEB61DAF542700D847ED /* Base */ = {isa = PBXFileReference; lastKnownFileType = file.storyboard; name = Base; path = Base.lproj/LaunchScreen.storyboard; sourceTree = "<group>"; };
		10D0DEB81DAF542700D847ED /* Info.plist */ = {isa = PBXFileReference; lastKnownFileType = text.plist.xml; path = Info.plist; sourceTree = "<group>"; };
		10D0DEBE1DAF55AE00D847ED /* JSPatchPlatform.framework */ = {isa = PBXFileReference; lastKnownFileType = wrapper.framework; name = JSPatchPlatform.framework; path = JSPathUpdate/JSPatchPlatform.framework; sourceTree = "<group>"; };
		10D0DEC01DAF55E500D847ED /* libz.tbd */ = {isa = PBXFileReference; lastKnownFileType = "sourcecode.text-based-dylib-definition"; name = libz.tbd; path = usr/lib/libz.tbd; sourceTree = SDKROOT; };
		10D0DEC21DAF55FE00D847ED /* JavaScriptCore.framework */ = {isa = PBXFileReference; lastKnownFileType = wrapper.framework; name = JavaScriptCore.framework; path = System/Library/Frameworks/JavaScriptCore.framework; sourceTree = SDKROOT; };
		10D0DEC41DAF585700D847ED /* main.js */ = {isa = PBXFileReference; fileEncoding = 4; lastKnownFileType = sourcecode.javascript; path = main.js; sourceTree = "<group>"; };
/* End PBXFileReference section */

/* Begin PBXFrameworksBuildPhase section */
		10D0DEA11DAF542600D847ED /* Frameworks */ = {
			isa = PBXFrameworksBuildPhase;
			buildActionMask = 2147483647;
			files = (
				10D0DEC31DAF55FE00D847ED /* JavaScriptCore.framework in Frameworks */,
				10D0DEC11DAF55E500D847ED /* libz.tbd in Frameworks */,
				10D0DEBF1DAF55AE00D847ED /* JSPatchPlatform.framework in Frameworks */,
			);
			runOnlyForDeploymentPostprocessing = 0;
		};
/* End PBXFrameworksBuildPhase section */

/* Begin PBXGroup section */
		10D0DE9B1DAF542600D847ED = {
			isa = PBXGroup;
			children = (
				10D0DEC21DAF55FE00D847ED /* JavaScriptCore.framework */,
				10D0DEC01DAF55E500D847ED /* libz.tbd */,
				10D0DEBE1DAF55AE00D847ED /* JSPatchPlatform.framework */,
				10D0DEA61DAF542600D847ED /* JSPathUpdate */,
				10D0DEA51DAF542600D847ED /* Products */,
			);
			sourceTree = "<group>";
		};
		10D0DEA51DAF542600D847ED /* Products */ = {
			isa = PBXGroup;
			children = (
				10D0DEA41DAF542600D847ED /* JSPathUpdate.app */,
			);
			name = Products;
			sourceTree = "<group>";
		};
		10D0DEA61DAF542600D847ED /* JSPathUpdate */ = {
			isa = PBXGroup;
			children = (
				10D0DEAA1DAF542600D847ED /* AppDelegate.h */,
				10D0DEAB1DAF542600D847ED /* AppDelegate.m */,
				10D0DEC41DAF585700D847ED /* main.js */,
				10D0DEAD1DAF542600D847ED /* ViewController.h */,
				10D0DEAE1DAF542600D847ED /* ViewController.m */,
				10D0DEB01DAF542700D847ED /* Main.storyboard */,
				10D0DEB31DAF542700D847ED /* Assets.xcassets */,
				10D0DEB51DAF542700D847ED /* LaunchScreen.storyboard */,
				10D0DEB81DAF542700D847ED /* Info.plist */,
				10D0DEA71DAF542600D847ED /* Supporting Files */,
			);
			path = JSPathUpdate;
			sourceTree = "<group>";
		};
		10D0DEA71DAF542600D847ED /* Supporting Files */ = {
			isa = PBXGroup;
			children = (
				10D0DEA81DAF542600D847ED /* main.m */,
			);
			name = "Supporting Files";
			sourceTree = "<group>";
		};
/* End PBXGroup section */

/* Begin PBXNativeTarget section */
		10D0DEA31DAF542600D847ED /* JSPathUpdate */ = {
			isa = PBXNativeTarget;
			buildConfigurationList = 10D0DEBB1DAF542700D847ED /* Build configuration list for PBXNativeTarget "JSPathUpdate" */;
			buildPhases = (
				10D0DEA01DAF542600D847ED /* Sources */,
				10D0DEA11DAF542600D847ED /* Frameworks */,
				10D0DEA21DAF542600D847ED /* Resources */,
			);
			buildRules = (
			);
			dependencies = (
			);
			name = JSPathUpdate;
			productName = JSPathUpdate;
			productReference = 10D0DEA41DAF542600D847ED /* JSPathUpdate.app */;
			productType = "com.apple.product-type.application";
		};
/* End PBXNativeTarget section */

/* Begin PBXProject section */
		10D0DE9C1DAF542600D847ED /* Project object */ = {
			isa = PBXProject;
			attributes = {
				LastUpgradeCheck = 0720;
				ORGANIZATIONNAME = mit;
				TargetAttributes = {
					10D0DEA31DAF542600D847ED = {
						CreatedOnToolsVersion = 7.2;
					};
				};
			};
			buildConfigurationList = 10D0DE9F1DAF542600D847ED /* Build configuration list for PBXProject "JSPathUpdate" */;
			compatibilityVersion = "Xcode 3.2";
			developmentRegion = English;
			hasScannedForEncodings = 0;
			knownRegions = (
				en,
				Base,
			);
			mainGroup = 10D0DE9B1DAF542600D847ED;
			productRefGroup = 10D0DEA51DAF542600D847ED /* Products */;
			projectDirPath = "";
			projectRoot = "";
			targets = (
				10D0DEA31DAF542600D847ED /* JSPathUpdate */,
			);
		};
/* End PBXProject section */

/* Begin PBXResourcesBuildPhase section */
		10D0DEA21DAF542600D847ED /* Resources */ = {
			isa = PBXResourcesBuildPhase;
			buildActionMask = 2147483647;
			files = (
				10D0DEB71DAF542700D847ED /* LaunchScreen.storyboard in Resources */,
				10D0DEB41DAF542700D847ED /* Assets.xcassets in Resources */,
				10D0DEB21DAF542700D847ED /* Main.storyboard in Resources */,
				10D0DEC51DAF585700D847ED /* main.js in Resources */,
			);
			runOnlyForDeploymentPostprocessing = 0;
		};
/* End PBXResourcesBuildPhase section */

/* Begin PBXSourcesBuildPhase section */
		10D0DEA01DAF542600D847ED /* Sources */ = {
			isa = PBXSourcesBuildPhase;
			buildActionMask = 2147483647;
			files = (
				10D0DEAF1DAF542600D847ED /* ViewController.m in Sources */,
				10D0DEAC1DAF542600D847ED /* AppDelegate.m in Sources */,
				10D0DEA91DAF542600D847ED /* main.m in Sources */,
			);
			runOnlyForDeploymentPostprocessing = 0;
		};
/* End PBXSourcesBuildPhase section */

/* Begin PBXVariantGroup section */
		10D0DEB01DAF542700D847ED /* Main.storyboard */ = {
			isa = PBXVariantGroup;
			children = (
				10D0DEB11DAF542700D847ED /* Base */,
			);
			name = Main.storyboard;
			sourceTree = "<group>";
		};
		10D0DEB51DAF542700D847ED /* LaunchScreen.storyboard */ = {
			isa = PBXVariantGroup;
			children = (
				10D0DEB61DAF542700D847ED /* Base */,
			);
			name = LaunchScreen.storyboard;
			sourceTree = "<group>";
		};
/* End PBXVariantGroup section */

/* Begin XCBuildConfiguration section */
		10D0DEB91DAF542700D847ED /* Debug */ = {
			isa = XCBuildConfiguration;
			buildSettings = {
				ALWAYS_SEARCH_USER_PATHS = NO;
				CLANG_CXX_LANGUAGE_STANDARD = "gnu++0x";
				CLANG_CXX_LIBRARY = "libc++";
				CLANG_ENABLE_MODULES = YES;
				CLANG_ENABLE_OBJC_ARC = YES;
				CLANG_WARN_BOOL_CONVERSION = YES;
				CLANG_WARN_CONSTANT_CONVERSION = YES;
				CLANG_WARN_DIRECT_OBJC_ISA_USAGE = YES_ERROR;
				CLANG_WARN_EMPTY_BODY = YES;
				CLANG_WARN_ENUM_CONVERSION = YES;
				CLANG_WARN_INT_CONVERSION = YES;
				CLANG_WARN_OBJC_ROOT_CLASS = YES_ERROR;
				CLANG_WARN_UNREACHABLE_CODE = YES;
				CLANG_WARN__DUPLICATE_METHOD_MATCH = YES;
				"CODE_SIGN_IDENTITY[sdk=iphoneos*]" = "iPhone Developer";
				COPY_PHASE_STRIP = NO;
				DEBUG_INFORMATION_FORMAT = dwarf;
				ENABLE_STRICT_OBJC_MSGSEND = YES;
				ENABLE_TESTABILITY = YES;
				GCC_C_LANGUAGE_STANDARD = gnu99;
				GCC_DYNAMIC_NO_PIC = NO;
				GCC_NO_COMMON_BLOCKS = YES;
				GCC_OPTIMIZATION_LEVEL = 0;
				GCC_PREPROCESSOR_DEFINITIONS = (
					"DEBUG=1",
					"$(inherited)",
				);
				GCC_WARN_64_TO_32_BIT_CONVERSION = YES;
				GCC_WARN_ABOUT_RETURN_TYPE = YES_ERROR;
				GCC_WARN_UNDECLARED_SELECTOR = YES;
				GCC_WARN_UNINITIALIZED_AUTOS = YES_AGGRESSIVE;
				GCC_WARN_UNUSED_FUNCTION = YES;
				GCC_WARN_UNUSED_VARIABLE = YES;
				IPHONEOS_DEPLOYMENT_TARGET = 9.2;
				MTL_ENABLE_DEBUG_INFO = YES;
				ONLY_ACTIVE_ARCH = YES;
				SDKROOT = iphoneos;
				TARGETED_DEVICE_FAMILY = "1,2";
			};
			name = Debug;
		};
		10D0DEBA1DAF542700D847ED /* Release */ = {
			isa = XCBuildConfiguration;
			buildSettings = {
				ALWAYS_SEARCH_USER_PATHS = NO;
				CLANG_CXX_LANGUAGE_STANDARD = "gnu++0x";
				CLANG_CXX_LIBRARY = "libc++";
				CLANG_ENABLE_MODULES = YES;
				CLANG_ENABLE_OBJC_ARC = YES;
				CLANG_WARN_BOOL_CONVERSION = YES;
				CLANG_WARN_CONSTANT_CONVERSION = YES;
				CLANG_WARN_DIRECT_OBJC_ISA_USAGE = YES_ERROR;
				CLANG_WARN_EMPTY_BODY = YES;
				CLANG_WARN_ENUM_CONVERSION = YES;
				CLANG_WARN_INT_CONVERSION = YES;
				CLANG_WARN_OBJC_ROOT_CLASS = YES_ERROR;
				CLANG_WARN_UNREACHABLE_CODE = YES;
				CLANG_WARN__DUPLICATE_METHOD_MATCH = YES;
				"CODE_SIGN_IDENTITY[sdk=iphoneos*]" = "iPhone Developer";
				COPY_PHASE_STRIP = NO;
				DEBUG_INFORMATION_FORMAT = "dwarf-with-dsym";
				ENABLE_NS_ASSERTIONS = NO;
				ENABLE_STRICT_OBJC_MSGSEND = YES;
				GCC_C_LANGUAGE_STANDARD = gnu99;
				GCC_NO_COMMON_BLOCKS = YES;
				GCC_WARN_64_TO_32_BIT_CONVERSION = YES;
				GCC_WARN_ABOUT_RETURN_TYPE = YES_ERROR;
				GCC_WARN_UNDECLARED_SELECTOR = YES;
				GCC_WARN_UNINITIALIZED_AUTOS = YES_AGGRESSIVE;
				GCC_WARN_UNUSED_FUNCTION = YES;
				GCC_WARN_UNUSED_VARIABLE = YES;
				IPHONEOS_DEPLOYMENT_TARGET = 9.2;
				MTL_ENABLE_DEBUG_INFO = NO;
				SDKROOT = iphoneos;
				TARGETED_DEVICE_FAMILY = "1,2";
				VALIDATE_PRODUCT = YES;
			};
			name = Release;
		};
		10D0DEBC1DAF542700D847ED /* Debug */ = {
			isa = XCBuildConfiguration;
			buildSettings = {
				ASSETCATALOG_COMPILER_APPICON_NAME = AppIcon;
				FRAMEWORK_SEARCH_PATHS = (
					"$(inherited)",
					"$(PROJECT_DIR)/JSPathUpdate",
				);
				INFOPLIST_FILE = JSPathUpdate/Info.plist;
				IPHONEOS_DEPLOYMENT_TARGET = 6.0;
				LD_RUNPATH_SEARCH_PATHS = "$(inherited) @executable_path/Frameworks";
				PRODUCT_BUNDLE_IDENTIFIER = com.mit.JSPathUpdate;
				PRODUCT_NAME = "$(TARGET_NAME)";
			};
			name = Debug;
		};
		10D0DEBD1DAF542700D847ED /* Release */ = {
			isa = XCBuildConfiguration;
			buildSettings = {
				ASSETCATALOG_COMPILER_APPICON_NAME = AppIcon;
				FRAMEWORK_SEARCH_PATHS = (
					"$(inherited)",
					"$(PROJECT_DIR)/JSPathUpdate",
				);
				INFOPLIST_FILE = JSPathUpdate/Info.plist;
				IPHONEOS_DEPLOYMENT_TARGET = 6.0;
				LD_RUNPATH_SEARCH_PATHS = "$(inherited) @executable_path/Frameworks";
				PRODUCT_BUNDLE_IDENTIFIER = com.mit.JSPathUpdate;
				PRODUCT_NAME = "$(TARGET_NAME)";
			};
			name = Release;
		};
/* End XCBuildConfiguration section */

/* Begin XCConfigurationList section */
		10D0DE9F1DAF542600D847ED /* Build configuration list for PBXProject "JSPathUpdate" */ = {
			isa = XCConfigurationList;
			buildConfigurations = (
				10D0DEB91DAF542700D847ED /* Debug */,
				10D0DEBA1DAF542700D847ED /* Release */,
			);
			defaultConfigurationIsVisible = 0;
			defaultConfigurationName = Release;
		};
		10D0DEBB1DAF542700D847ED /* Build configuration list for PBXNativeTarget "JSPathUpdate" */ = {
			isa = XCConfigurationList;
			buildConfigurations = (
				10D0DEBC1DAF542700D847ED /* Debug */,
				10D0DEBD1DAF542700D847ED /* Release */,
			);
			defaultConfigurationIsVisible = 0;
		};
/* End XCConfigurationList section */
	};
	rootObject = 10D0DE9C1DAF542600D847ED /* Project object */;
}
